
Microsoft Visual Studio Solution File, Format Version 12.00
Project("{FAE04EC0-301F-11D3-BF4B-00C04F79EFBC}") = "Balance Parantheses", "Balance Parantheses\Balance Parantheses.csproj", "{DCB1219B-C3DB-487D-BFC9-9E28A3893C80}"
EndProject
Project("{FAE04EC0-301F-11D3-BF4B-00C04F79EFBC}") = "Balanced Parantheses Test", "Balanced Parantheses Test\Balanced Parantheses Test.csproj", "{0F572C37-B071-4231-A27D-64B4CD5BFC16}"
EndProject
Project("{FAE04EC0-301F-11D3-BF4B-00C04F79EFBC}") = "How Many Words Test", "How Many Words Test\How Many Words Test.csproj", "{D26BEB9C-22EB-4361-9899-FBCC6944DA07}"
EndProject
Project("{FAE04EC0-301F-11D3-BF4B-00C04F79EFBC}") = "How Many Words", "How Many Words\How Many Words.csproj", "{427B7968-ED76-4A62-832B-FF4296104686}"
EndProject
Project("{FAE04EC0-301F-11D3-BF4B-00C04F79EFBC}") = "Dam Design", "Dam Design\Dam Design.csproj", "{90105E43-245F-4557-BB94-BCE2C4693BF6}"
EndProject
Project("{FAE04EC0-301F-11D3-BF4B-00C04F79EFBC}") = "Dam Design Tests", "Dam Design Tests\Dam Design Tests.csproj", "{4A5072D4-53B0-484D-8E77-AC4D759D02B0}"
EndProject
Global
	GlobalSection(SolutionConfigurationPlatforms) = preSolution
		Debug|Any CPU = Debug|Any CPU
		Release|Any CPU = Release|Any CPU
	EndGlobalSection
	GlobalSection(ProjectConfigurationPlatforms) = postSolution
		{DCB1219B-C3DB-487D-BFC9-9E28A3893C80}.Debug|Any CPU.ActiveCfg = Debug|Any CPU
		{DCB1219B-C3DB-487D-BFC9-9E28A3893C80}.Debug|Any CPU.Build.0 = Debug|Any CPU
		{DCB1219B-C3DB-487D-BFC9-9E28A3893C80}.Release|Any CPU.ActiveCfg = Release|Any CPU
		{DCB1219B-C3DB-487D-BFC9-9E28A3893C80}.Release|Any CPU.Build.0 = Release|Any CPU
		{0F572C37-B071-4231-A27D-64B4CD5BFC16}.Debug|Any CPU.ActiveCfg = Debug|Any CPU
		{0F572C37-B071-4231-A27D-64B4CD5BFC16}.Debug|Any CPU.Build.0 = Debug|Any CPU
		{0F572C37-B071-4231-A27D-64B4CD5BFC16}.Release|Any CPU.ActiveCfg = Release|Any CPU
		{0F572C37-B071-4231-A27D-64B4CD5BFC16}.Release|Any CPU.Build.0 = Release|Any CPU
		{D26BEB9C-22EB-4361-9899-FBCC6944DA07}.Debug|Any CPU.ActiveCfg = Debug|Any CPU
		{D26BEB9C-22EB-4361-9899-FBCC6944DA07}.Debug|Any CPU.Build.0 = Debug|Any CPU
		{D26BEB9C-22EB-4361-9899-FBCC6944DA07}.Release|Any CPU.ActiveCfg = Release|Any CPU
		{D26BEB9C-22EB-4361-9899-FBCC6944DA07}.Release|Any CPU.Build.0 = Release|Any CPU
		{427B7968-ED76-4A62-832B-FF4296104686}.Debug|Any CPU.ActiveCfg = Debug|Any CPU
		{427B7968-ED76-4A62-832B-FF4296104686}.Debug|Any CPU.Build.0 = Debug|Any CPU
		{427B7968-ED76-4A62-832B-FF4296104686}.Release|Any CPU.ActiveCfg = Release|Any CPU
		{427B7968-ED76-4A62-832B-FF4296104686}.Release|Any CPU.Build.0 = Release|Any CPU
		{90105E43-245F-4557-BB94-BCE2C4693BF6}.Debug|Any CPU.ActiveCfg = Debug|Any CPU
		{90105E43-245F-4557-BB94-BCE2C4693BF6}.Debug|Any CPU.Build.0 = Debug|Any CPU
		{90105E43-245F-4557-BB94-BCE2C4693BF6}.Release|Any CPU.ActiveCfg = Release|Any CPU
		{90105E43-245F-4557-BB94-BCE2C4693BF6}.Release|Any CPU.Build.0 = Release|Any CPU
		{4A5072D4-53B0-484D-8E77-AC4D759D02B0}.Debug|Any CPU.ActiveCfg = Debug|Any CPU
		{4A5072D4-53B0-484D-8E77-AC4D759D02B0}.Debug|Any CPU.Build.0 = Debug|Any CPU
		{4A5072D4-53B0-484D-8E77-AC4D759D02B0}.Release|Any CPU.ActiveCfg = Release|Any CPU
		{4A5072D4-53B0-484D-8E77-AC4D759D02B0}.Release|Any CPU.Build.0 = Release|Any CPU
	EndGlobalSection
EndGlobal
